// !$*UTF8*$!
{
	archiveVersion = 1;
	classes = {
	};
	objectVersion = 50;
	objects = {

/* Begin PBXBuildFile section */
		4AD8C745C1BAAE2B69EABCE0 /* Pods_fbCharmDemo.framework in Frameworks */ = {isa = PBXBuildFile; fileRef = 74734D28688EDC94A3CF1975 /* Pods_fbCharmDemo.framework */; };
		89EE17C021C55918005F2F56 /* AppDelegate.swift in Sources */ = {isa = PBXBuildFile; fileRef = 89EE17BF21C55918005F2F56 /* AppDelegate.swift */; };
		89EE17C221C55918005F2F56 /* ViewController.swift in Sources */ = {isa = PBXBuildFile; fileRef = 89EE17C121C55918005F2F56 /* ViewController.swift */; };
		89EE17C521C55918005F2F56 /* Main.storyboard in Resources */ = {isa = PBXBuildFile; fileRef = 89EE17C321C55918005F2F56 /* Main.storyboard */; };
		89EE17C721C5591A005F2F56 /* Assets.xcassets in Resources */ = {isa = PBXBuildFile; fileRef = 89EE17C621C5591A005F2F56 /* Assets.xcassets */; };
		89EE17CA21C5591A005F2F56 /* LaunchScreen.storyboard in Resources */ = {isa = PBXBuildFile; fileRef = 89EE17C821C5591A005F2F56 /* LaunchScreen.storyboard */; };
		89EE17D321C55A04005F2F56 /* LucidaGrande.ttc in Resources */ = {isa = PBXBuildFile; fileRef = 89EE17D221C55A04005F2F56 /* LucidaGrande.ttc */; };
		89EE17D821C64917005F2F56 /* WawaSC-Regular.otf in Resources */ = {isa = PBXBuildFile; fileRef = 89EE17D721C64917005F2F56 /* WawaSC-Regular.otf */; };
/* End PBXBuildFile section */

/* Begin PBXFileReference section */
		74734D28688EDC94A3CF1975 /* Pods_fbCharmDemo.framework */ = {isa = PBXFileReference; explicitFileType = wrapper.framework; includeInIndex = 0; path = Pods_fbCharmDemo.framework; sourceTree = BUILT_PRODUCTS_DIR; };
		89EE17BC21C55918005F2F56 /* fbCharmDemo.app */ = {isa = PBXFileReference; explicitFileType = wrapper.application; includeInIndex = 0; path = fbCharmDemo.app; sourceTree = BUILT_PRODUCTS_DIR; };
		89EE17BF21C55918005F2F56 /* AppDelegate.swift */ = {isa = PBXFileReference; lastKnownFileType = sourcecode.swift; path = AppDelegate.swift; sourceTree = "<group>"; };
		89EE17C121C55918005F2F56 /* ViewController.swift */ = {isa = PBXFileReference; lastKnownFileType = sourcecode.swift; path = ViewController.swift; sourceTree = "<group>"; };
		89EE17C421C55918005F2F56 /* Base */ = {isa = PBXFileReference; lastKnownFileType = file.storyboard; name = Base; path = Base.lproj/Main.storyboard; sourceTree = "<group>"; };
		89EE17C621C5591A005F2F56 /* Assets.xcassets */ = {isa = PBXFileReference; lastKnownFileType = folder.assetcatalog; path = Assets.xcassets; sourceTree = "<group>"; };
		89EE17C921C5591A005F2F56 /* Base */ = {isa = PBXFileReference; lastKnownFileType = file.storyboard; name = Base; path = Base.lproj/LaunchScreen.storyboard; sourceTree = "<group>"; };
		89EE17CB21C5591A005F2F56 /* Info.plist */ = {isa = PBXFileReference; lastKnownFileType = text.plist.xml; path = Info.plist; sourceTree = "<group>"; };
		89EE17D221C55A04005F2F56 /* LucidaGrande.ttc */ = {isa = PBXFileReference; lastKnownFileType = file; path = LucidaGrande.ttc; sourceTree = "<group>"; };
		89EE17D721C64917005F2F56 /* WawaSC-Regular.otf */ = {isa = PBXFileReference; lastKnownFileType = file; path = "WawaSC-Regular.otf"; sourceTree = "<group>"; };
		F73352CAC1DCF1D8A0EE1347 /* Pods-fbCharmDemo.release.xcconfig */ = {isa = PBXFileReference; includeInIndex = 1; lastKnownFileType = text.xcconfig; name = "Pods-fbCharmDemo.release.xcconfig"; path = "Pods/Target Support Files/Pods-fbCharmDemo/Pods-fbCharmDemo.release.xcconfig"; sourceTree = "<group>"; };
		FABA77907F35669B1DA1DAE5 /* Pods-fbCharmDemo.debug.xcconfig */ = {isa = PBXFileReference; includeInIndex = 1; lastKnownFileType = text.xcconfig; name = "Pods-fbCharmDemo.debug.xcconfig"; path = "Pods/Target Support Files/Pods-fbCharmDemo/Pods-fbCharmDemo.debug.xcconfig"; sourceTree = "<group>"; };
/* End PBXFileReference section */

/* Begin PBXFrameworksBuildPhase section */
		89EE17B921C55918005F2F56 /* Frameworks */ = {
			isa = PBXFrameworksBuildPhase;
			buildActionMask = 2147483647;
			files = (
				4AD8C745C1BAAE2B69EABCE0 /* Pods_fbCharmDemo.framework in Frameworks */,
			);
			runOnlyForDeploymentPostprocessing = 0;
		};
/* End PBXFrameworksBuildPhase section */

/* Begin PBXGroup section */
		83736632071B0FC44C29143C /* Pods */ = {
			isa = PBXGroup;
			children = (
				FABA77907F35669B1DA1DAE5 /* Pods-fbCharmDemo.debug.xcconfig */,
				F73352CAC1DCF1D8A0EE1347 /* Pods-fbCharmDemo.release.xcconfig */,
			);
			name = Pods;
			sourceTree = "<group>";
		};
		89EE17B321C55918005F2F56 = {
			isa = PBXGroup;
			children = (
				89EE17BE21C55918005F2F56 /* fbCharmDemo */,
				89EE17BD21C55918005F2F56 /* Products */,
				83736632071B0FC44C29143C /* Pods */,
				AA468704DB491F7D08DB9275 /* Frameworks */,
			);
			sourceTree = "<group>";
		};
		89EE17BD21C55918005F2F56 /* Products */ = {
			isa = PBXGroup;
			children = (
				89EE17BC21C55918005F2F56 /* fbCharmDemo.app */,
			);
			name = Products;
			sourceTree = "<group>";
		};
		89EE17BE21C55918005F2F56 /* fbCharmDemo */ = {
			isa = PBXGroup;
			children = (
				89EE17D121C55A04005F2F56 /* fonts */,
				89EE17BF21C55918005F2F56 /* AppDelegate.swift */,
				89EE17C121C55918005F2F56 /* ViewController.swift */,
				89EE17C321C55918005F2F56 /* Main.storyboard */,
				89EE17C621C5591A005F2F56 /* Assets.xcassets */,
				89EE17C821C5591A005F2F56 /* LaunchScreen.storyboard */,
				89EE17CB21C5591A005F2F56 /* Info.plist */,
			);
			path = fbCharmDemo;
			sourceTree = "<group>";
		};
		89EE17D121C55A04005F2F56 /* fonts */ = {
			isa = PBXGroup;
			children = (
				89EE17D721C64917005F2F56 /* WawaSC-Regular.otf */,
				89EE17D221C55A04005F2F56 /* LucidaGrande.ttc */,
			);
			path = fonts;
			sourceTree = "<group>";
		};
		AA468704DB491F7D08DB9275 /* Frameworks */ = {
			isa = PBXGroup;
			children = (
				74734D28688EDC94A3CF1975 /* Pods_fbCharmDemo.framework */,
			);
			name = Frameworks;
			sourceTree = "<group>";
		};
/* End PBXGroup section */

/* Begin PBXNativeTarget section */
		89EE17BB21C55918005F2F56 /* fbCharmDemo */ = {
			isa = PBXNativeTarget;
			buildConfigurationList = 89EE17CE21C5591A005F2F56 /* Build configuration list for PBXNativeTarget "fbCharmDemo" */;
			buildPhases = (
				4E3A847F7C1D20A1207C21A2 /* [CP] Check Pods Manifest.lock */,
				89EE17B821C55918005F2F56 /* Sources */,
				89EE17B921C55918005F2F56 /* Frameworks */,
				89EE17BA21C55918005F2F56 /* Resources */,
				E50148335EF4B21817505526 /* [CP] Embed Pods Frameworks */,
			);
			buildRules = (
			);
			dependencies = (
			);
			name = fbCharmDemo;
			productName = fbCharmDemo;
			productReference = 89EE17BC21C55918005F2F56 /* fbCharmDemo.app */;
			productType = "com.apple.product-type.application";
		};
/* End PBXNativeTarget section */

/* Begin PBXProject section */
		89EE17B421C55918005F2F56 /* Project object */ = {
			isa = PBXProject;
			attributes = {
				LastSwiftUpdateCheck = 1010;
				LastUpgradeCheck = 1010;
				ORGANIZATIONNAME = "Zero Status";
				TargetAttributes = {
					89EE17BB21C55918005F2F56 = {
						CreatedOnToolsVersion = 10.1;
					};
				};
			};
			buildConfigurationList = 89EE17B721C55918005F2F56 /* Build configuration list for PBXProject "fbCharmDemo" */;
			compatibilityVersion = "Xcode 9.3";
			developmentRegion = en;
			hasScannedForEncodings = 0;
			knownRegions = (
				en,
				Base,
			);
			mainGroup = 89EE17B321C55918005F2F56;
			productRefGroup = 89EE17BD21C55918005F2F56 /* Products */;
			projectDirPath = "";
			projectRoot = "";
			targets = (
				89EE17BB21C55918005F2F56 /* fbCharmDemo */,
			);
		};
/* End PBXProject section */

/* Begin PBXResourcesBuildPhase section */
		89EE17BA21C55918005F2F56 /* Resources */ = {
			isa = PBXResourcesBuildPhase;
			buildActionMask = 2147483647;
			files = (
				89EE17D321C55A04005F2F56 /* LucidaGrande.ttc in Resources */,
				89EE17CA21C5591A005F2F56 /* LaunchScreen.storyboard in Resources */,
				89EE17C721C5591A005F2F56 /* Assets.xcassets in Resources */,
				89EE17D821C64917005F2F56 /* WawaSC-Regular.otf in Resources */,
				89EE17C521C55918005F2F56 /* Main.storyboard in Resources */,
			);
			runOnlyForDeploymentPostprocessing = 0;
		};
/* End PBXResourcesBuildPhase section */

/* Begin PBXShellScriptBuildPhase section */
		4E3A847F7C1D20A1207C21A2 /* [CP] Check Pods Manifest.lock */ = {
			isa = PBXShellScriptBuildPhase;
			buildActionMask = 2147483647;
			files = (
			);
			inputPaths = (
				"${PODS_PODFILE_DIR_PATH}/Podfile.lock",
				"${PODS_ROOT}/Manifest.lock",
			);
			name = "[CP] Check Pods Manifest.lock";
			outputPaths = (
				"$(DERIVED_FILE_DIR)/Pods-fbCharmDemo-checkManifestLockResult.txt",
			);
			runOnlyForDeploymentPostprocessing = 0;
			shellPath = /bin/sh;
			shellScript = "diff \"${PODS_PODFILE_DIR_PATH}/Podfile.lock\" \"${PODS_ROOT}/Manifest.lock\" > /dev/null\nif [ $? != 0 ] ; then\n    # print error to STDERR\n    echo \"error: The sandbox is not in sync with the Podfile.lock. Run 'pod install' or update your CocoaPods installation.\" >&2\n    exit 1\nfi\n# This output is used by Xcode 'outputs' to avoid re-running this script phase.\necho \"SUCCESS\" > \"${SCRIPT_OUTPUT_FILE_0}\"\n";
			showEnvVarsInLog = 0;
		};
		E50148335EF4B21817505526 /* [CP] Embed Pods Frameworks */ = {
			isa = PBXShellScriptBuildPhase;
			buildActionMask = 2147483647;
			files = (
			);
			inputPaths = (
				"${SRCROOT}/Pods/Target Support Files/Pods-fbCharmDemo/Pods-fbCharmDemo-frameworks.sh",
				"${BUILT_PRODUCTS_DIR}/fbCharm/fbCharm.framework",
			);
			name = "[CP] Embed Pods Frameworks";
			outputPaths = (
				"${TARGET_BUILD_DIR}/${FRAMEWORKS_FOLDER_PATH}/fbCharm.framework",
			);
			runOnlyForDeploymentPostprocessing = 0;
			shellPath = /bin/sh;
			shellScript = "\"${SRCROOT}/Pods/Target Support Files/Pods-fbCharmDemo/Pods-fbCharmDemo-frameworks.sh\"\n";
			showEnvVarsInLog = 0;
		};
/* End PBXShellScriptBuildPhase section */

/* Begin PBXSourcesBuildPhase section */
		89EE17B821C55918005F2F56 /* Sources */ = {
			isa = PBXSourcesBuildPhase;
			buildActionMask = 2147483647;
			files = (
				89EE17C221C55918005F2F56 /* ViewController.swift in Sources */,
				89EE17C021C55918005F2F56 /* AppDelegate.swift in Sources */,
			);
			runOnlyForDeploymentPostprocessing = 0;
		};
/* End PBXSourcesBuildPhase section */

/* Begin PBXVariantGroup section */
		89EE17C321C55918005F2F56 /* Main.storyboard */ = {
			isa = PBXVariantGroup;
			children = (
				89EE17C421C55918005F2F56 /* Base */,
			);
			name = Main.storyboard;
			sourceTree = "<group>";
		};
		89EE17C821C5591A005F2F56 /* LaunchScreen.storyboard */ = {
			isa = PBXVariantGroup;
			children = (
				89EE17C921C5591A005F2F56 /* Base */,
			);
			name = LaunchScreen.storyboard;
			sourceTree = "<group>";
		};
/* End PBXVariantGroup section */

/* Begin XCBuildConfiguration section */
		89EE17CC21C5591A005F2F56 /* Debug */ = {
			isa = XCBuildConfiguration;
			buildSettings = {
				ALWAYS_SEARCH_USER_PATHS = NO;
				CLANG_ANALYZER_NONNULL = YES;
				CLANG_ANALYZER_NUMBER_OBJECT_CONVERSION = YES_AGGRESSIVE;
				CLANG_CXX_LANGUAGE_STANDARD = "gnu++14";
				CLANG_CXX_LIBRARY = "libc++";
				CLANG_ENABLE_MODULES = YES;
				CLANG_ENABLE_OBJC_ARC = YES;
				CLANG_ENABLE_OBJC_WEAK = YES;
				CLANG_WARN_BLOCK_CAPTURE_AUTORELEASING = YES;
				CLANG_WARN_BOOL_CONVERSION = YES;
				CLANG_WARN_COMMA = YES;
				CLANG_WARN_CONSTANT_CONVERSION = YES;
				CLANG_WARN_DEPRECATED_OBJC_IMPLEMENTATIONS = YES;
				CLANG_WARN_DIRECT_OBJC_ISA_USAGE = YES_ERROR;
				CLANG_WARN_DOCUMENTATION_COMMENTS = YES;
				CLANG_WARN_EMPTY_BODY = YES;
				CLANG_WARN_ENUM_CONVERSION = YES;
				CLANG_WARN_INFINITE_RECURSION = YES;
				CLANG_WARN_INT_CONVERSION = YES;
				CLANG_WARN_NON_LITERAL_NULL_CONVERSION = YES;
				CLANG_WARN_OBJC_IMPLICIT_RETAIN_SELF = YES;
				CLANG_WARN_OBJC_LITERAL_CONVERSION = YES;
				CLANG_WARN_OBJC_ROOT_CLASS = YES_ERROR;
				CLANG_WARN_RANGE_LOOP_ANALYSIS = YES;
				CLANG_WARN_STRICT_PROTOTYPES = YES;
				CLANG_WARN_SUSPICIOUS_MOVE = YES;
				CLANG_WARN_UNGUARDED_AVAILABILITY = YES_AGGRESSIVE;
				CLANG_WARN_UNREACHABLE_CODE = YES;
				CLANG_WARN__DUPLICATE_METHOD_MATCH = YES;
				CODE_SIGN_IDENTITY = "iPhone Developer";
				COPY_PHASE_STRIP = NO;
				DEBUG_INFORMATION_FORMAT = dwarf;
				ENABLE_STRICT_OBJC_MSGSEND = YES;
				ENABLE_TESTABILITY = YES;
				GCC_C_LANGUAGE_STANDARD = gnu11;
				GCC_DYNAMIC_NO_PIC = NO;
				GCC_NO_COMMON_BLOCKS = YES;
				GCC_OPTIMIZATION_LEVEL = 0;
				GCC_PREPROCESSOR_DEFINITIONS = (
					"DEBUG=1",
					"$(inherited)",
				);
				GCC_WARN_64_TO_32_BIT_CONVERSION = YES;
				GCC_WARN_ABOUT_RETURN_TYPE = YES_ERROR;
				GCC_WARN_UNDECLARED_SELECTOR = YES;
				GCC_WARN_UNINITIALIZED_AUTOS = YES_AGGRESSIVE;
				GCC_WARN_UNUSED_FUNCTION = YES;
				GCC_WARN_UNUSED_VARIABLE = YES;
				IPHONEOS_DEPLOYMENT_TARGET = 12.1;
				MTL_ENABLE_DEBUG_INFO = INCLUDE_SOURCE;
				MTL_FAST_MATH = YES;
				ONLY_ACTIVE_ARCH = YES;
				SDKROOT = iphoneos;
				SWIFT_ACTIVE_COMPILATION_CONDITIONS = DEBUG;
				SWIFT_OPTIMIZATION_LEVEL = "-Onone";
			};
			name = Debug;
		};
		89EE17CD21C5591A005F2F56 /* Release */ = {
			isa = XCBuildConfiguration;
			buildSettings = {
				ALWAYS_SEARCH_USER_PATHS = NO;
				CLANG_ANALYZER_NONNULL = YES;
				CLANG_ANALYZER_NUMBER_OBJECT_CONVERSION = YES_AGGRESSIVE;
				CLANG_CXX_LANGUAGE_STANDARD = "gnu++14";
				CLANG_CXX_LIBRARY = "libc++";
				CLANG_ENABLE_MODULES = YES;
				CLANG_ENABLE_OBJC_ARC = YES;
				CLANG_ENABLE_OBJC_WEAK = YES;
				CLANG_WARN_BLOCK_CAPTURE_AUTORELEASING = YES;
				CLANG_WARN_BOOL_CONVERSION = YES;
				CLANG_WARN_COMMA = YES;
				CLANG_WARN_CONSTANT_CONVERSION = YES;
				CLANG_WARN_DEPRECATED_OBJC_IMPLEMENTATIONS = YES;
				CLANG_WARN_DIRECT_OBJC_ISA_USAGE = YES_ERROR;
				CLANG_WARN_DOCUMENTATION_COMMENTS = YES;
				CLANG_WARN_EMPTY_BODY = YES;
				CLANG_WARN_ENUM_CONVERSION = YES;
				CLANG_WARN_INFINITE_RECURSION = YES;
				CLANG_WARN_INT_CONVERSION = YES;
				CLANG_WARN_NON_LITERAL_NULL_CONVERSION = YES;
				CLANG_WARN_OBJC_IMPLICIT_RETAIN_SELF = YES;
				CLANG_WARN_OBJC_LITERAL_CONVERSION = YES;
				CLANG_WARN_OBJC_ROOT_CLASS = YES_ERROR;
				CLANG_WARN_RANGE_LOOP_ANALYSIS = YES;
				CLANG_WARN_STRICT_PROTOTYPES = YES;
				CLANG_WARN_SUSPICIOUS_MOVE = YES;
				CLANG_WARN_UNGUARDED_AVAILABILITY = YES_AGGRESSIVE;
				CLANG_WARN_UNREACHABLE_CODE = YES;
				CLANG_WARN__DUPLICATE_METHOD_MATCH = YES;
				CODE_SIGN_IDENTITY = "iPhone Developer";
				COPY_PHASE_STRIP = NO;
				DEBUG_INFORMATION_FORMAT = "dwarf-with-dsym";
				ENABLE_NS_ASSERTIONS = NO;
				ENABLE_STRICT_OBJC_MSGSEND = YES;
				GCC_C_LANGUAGE_STANDARD = gnu11;
				GCC_NO_COMMON_BLOCKS = YES;
				GCC_WARN_64_TO_32_BIT_CONVERSION = YES;
				GCC_WARN_ABOUT_RETURN_TYPE = YES_ERROR;
				GCC_WARN_UNDECLARED_SELECTOR = YES;
				GCC_WARN_UNINITIALIZED_AUTOS = YES_AGGRESSIVE;
				GCC_WARN_UNUSED_FUNCTION = YES;
				GCC_WARN_UNUSED_VARIABLE = YES;
				IPHONEOS_DEPLOYMENT_TARGET = 12.1;
				MTL_ENABLE_DEBUG_INFO = NO;
				MTL_FAST_MATH = YES;
				SDKROOT = iphoneos;
				SWIFT_COMPILATION_MODE = wholemodule;
				SWIFT_OPTIMIZATION_LEVEL = "-O";
				VALIDATE_PRODUCT = YES;
			};
			name = Release;
		};
		89EE17CF21C5591A005F2F56 /* Debug */ = {
			isa = XCBuildConfiguration;
			baseConfigurationReference = FABA77907F35669B1DA1DAE5 /* Pods-fbCharmDemo.debug.xcconfig */;
			buildSettings = {
				ASSETCATALOG_COMPILER_APPICON_NAME = AppIcon;
				CODE_SIGN_STYLE = Automatic;
				INFOPLIST_FILE = fbCharmDemo/Info.plist;
				LD_RUNPATH_SEARCH_PATHS = (
					"$(inherited)",
					"@executable_path/Frameworks",
				);
				PRODUCT_BUNDLE_IDENTIFIER = com.lessney.fbCharmDemo;
				PRODUCT_NAME = "$(TARGET_NAME)";
				SWIFT_VERSION = 4.2;
				TARGETED_DEVICE_FAMILY = "1,2";
			};
			name = Debug;
		};
		89EE17D021C5591A005F2F56 /* Release */ = {
			isa = XCBuildConfiguration;
			baseConfigurationReference = F73352CAC1DCF1D8A0EE1347 /* Pods-fbCharmDemo.release.xcconfig */;
			buildSettings = {
				ASSETCATALOG_COMPILER_APPICON_NAME = AppIcon;
				CODE_SIGN_STYLE = Automatic;
				INFOPLIST_FILE = fbCharmDemo/Info.plist;
				LD_RUNPATH_SEARCH_PATHS = (
					"$(inherited)",
					"@executable_path/Frameworks",
				);
				PRODUCT_BUNDLE_IDENTIFIER = com.lessney.fbCharmDemo;
				PRODUCT_NAME = "$(TARGET_NAME)";
				SWIFT_VERSION = 4.2;
				TARGETED_DEVICE_FAMILY = "1,2";
			};
			name = Release;
		};
/* End XCBuildConfiguration section */

/* Begin XCConfigurationList section */
		89EE17B721C55918005F2F56 /* Build configuration list for PBXProject "fbCharmDemo" */ = {
			isa = XCConfigurationList;
			buildConfigurations = (
				89EE17CC21C5591A005F2F56 /* Debug */,
				89EE17CD21C5591A005F2F56 /* Release */,
			);
			defaultConfigurationIsVisible = 0;
			defaultConfigurationName = Release;
		};
		89EE17CE21C5591A005F2F56 /* Build configuration list for PBXNativeTarget "fbCharmDemo" */ = {
			isa = XCConfigurationList;
			buildConfigurations = (
				89EE17CF21C5591A005F2F56 /* Debug */,
				89EE17D021C5591A005F2F56 /* Release */,
			);
			defaultConfigurationIsVisible = 0;
			defaultConfigurationName = Release;
		};
/* End XCConfigurationList section */
	};
	rootObject = 89EE17B421C55918005F2F56 /* Project object */;
}
